
Microsoft Visual Studio Solution File, Format Version 12.00
# Visual Studio Version 17
VisualStudioVersion = 17.9.34728.123
MinimumVisualStudioVersion = 10.0.40219.1
Project("{FAE04EC0-301F-11D3-BF4B-00C04F79EFBC}") = "CreateAzureAIComponents", "CreateAzureAIComponents.csproj", "{DDB542A4-82E8-4FEB-8645-EEBABCB73D25}"
EndProject
Global
	GlobalSection(SolutionConfigurationPlatforms) = preSolution
		Debug|Any CPU = Debug|Any CPU
		Release|Any CPU = Release|Any CPU
	EndGlobalSection
	GlobalSection(ProjectConfigurationPlatforms) = postSolution
		{DDB542A4-82E8-4FEB-8645-EEBABCB73D25}.Debug|Any CPU.ActiveCfg = Debug|Any CPU
		{DDB542A4-82E8-4FEB-8645-EEBABCB73D25}.Debug|Any CPU.Build.0 = Debug|Any CPU
		{DDB542A4-82E8-4FEB-8645-EEBABCB73D25}.Release|Any CPU.ActiveCfg = Release|Any CPU
		{DDB542A4-82E8-4FEB-8645-EEBABCB73D25}.Release|Any CPU.Build.0 = Release|Any CPU
	EndGlobalSection
	GlobalSection(SolutionProperties) = preSolution
		HideSolutionNode = FALSE
	EndGlobalSection
	GlobalSection(ExtensibilityGlobals) = postSolution
		SolutionGuid = {3DCC35ED-2DDC-4FC3-9061-FBFB9B6A5CB6}
	EndGlobalSection
EndGlobal
